
Microsoft Visual Studio Solution File, Format Version 12.00
# Visual Studio 15
VisualStudioVersion = 15.0.27004.2009
MinimumVisualStudioVersion = 10.0.40219.1
Project("{8BC9CEB8-8B4A-11D0-8D11-00A0C91BC942}") = "OOP hw", "OOP hw\OOP hw.vcxproj", "{7ADE00A5-34B5-4B8E-8395-A6BC280DB6A9}"
EndProject
Project("{8BC9CEB8-8B4A-11D0-8D11-00A0C91BC942}") = "VigenereCipher", "VigenereCipher\VigenereCipher.vcxproj", "{E2FE6FC7-0C7D-492E-8BAB-2722ADC90F08}"
EndProject
Project("{8BC9CEB8-8B4A-11D0-8D11-00A0C91BC942}") = "HammingCode", "HammingCode\HammingCode.vcxproj", "{1A951E29-8DBE-425F-9AE2-F421DBD4F8C7}"
EndProject
Project("{8BC9CEB8-8B4A-11D0-8D11-00A0C91BC942}") = "Strings", "Strings\Strings.vcxproj", "{A6699C6E-9C96-41A4-BDD5-4DE5AB78AF84}"
EndProject
Project("{8BC9CEB8-8B4A-11D0-8D11-00A0C91BC942}") = "16.04.18", "16.04.18\16.04.18.vcxproj", "{10848A3C-CD82-495C-B44E-7241E9BD7564}"
EndProject
Project("{8BC9CEB8-8B4A-11D0-8D11-00A0C91BC942}") = "19.04.18", "19.04.18\19.04.18.vcxproj", "{9DBCE2E1-8C6C-44CC-B851-CA4A3D93F4DB}"
EndProject
Project("{8BC9CEB8-8B4A-11D0-8D11-00A0C91BC942}") = "Class String", "Class String\Class String.vcxproj", "{E388C701-00AB-4F42-B0C4-1153F2183618}"
EndProject
Project("{8BC9CEB8-8B4A-11D0-8D11-00A0C91BC942}") = "Class Itstep", "Class Itstep\Class Itstep.vcxproj", "{572EF90A-CE02-4C16-A18A-8F9B09F17774}"
EndProject
Project("{8BC9CEB8-8B4A-11D0-8D11-00A0C91BC942}") = "03.05.18", "03.05.18\03.05.18.vcxproj", "{3742D6F5-7257-40E9-9A40-7AAC99F6D07F}"
EndProject
Project("{8BC9CEB8-8B4A-11D0-8D11-00A0C91BC942}") = "StructuresProject", "StructuresProject\StructuresProject.vcxproj", "{E3758E97-CD99-4EB4-8894-416CF2001F48}"
EndProject
Project("{8BC9CEB8-8B4A-11D0-8D11-00A0C91BC942}") = "Class Vector", "Class Vector\Class Vector.vcxproj", "{55D70533-58BD-4E3B-BFD1-6FE07B764177}"
EndProject
Project("{8BC9CEB8-8B4A-11D0-8D11-00A0C91BC942}") = "ListProject", "ListProject\ListProject.vcxproj", "{2DAE0AF6-0A94-4BD6-B103-998A8523D4B0}"
EndProject
Project("{8BC9CEB8-8B4A-11D0-8D11-00A0C91BC942}") = "ListBasedStructures", "ListBasedStructures\ListBasedStructures.vcxproj", "{30DD9971-9590-4752-A845-1485637DBAA8}"
EndProject
Project("{8BC9CEB8-8B4A-11D0-8D11-00A0C91BC942}") = "Tree", "Tree\Tree.vcxproj", "{9379CF4F-0E25-4FEA-85F6-4EE32EB44E51}"
EndProject
Project("{8BC9CEB8-8B4A-11D0-8D11-00A0C91BC942}") = "ClassStudent", "ClassStudent\ClassStudent.vcxproj", "{351CDB43-8CA1-4527-B1C5-E2B78BDDDAB5}"
EndProject
Project("{8BC9CEB8-8B4A-11D0-8D11-00A0C91BC942}") = "ClassVehicle", "ClassVehicle\ClassVehicle.vcxproj", "{4E240C80-7558-49AD-8975-65B537CE348D}"
EndProject
Project("{8BC9CEB8-8B4A-11D0-8D11-00A0C91BC942}") = "PrinterQueue", "PrinterQueue\PrinterQueue.vcxproj", "{282B3E25-127D-46A0-BFB1-24E2527CE16C}"
EndProject
Project("{8BC9CEB8-8B4A-11D0-8D11-00A0C91BC942}") = "Chordate", "Chordate\Chordate.vcxproj", "{42A32AE5-060C-4DFF-9806-B8A53862A95B}"
EndProject
Project("{8BC9CEB8-8B4A-11D0-8D11-00A0C91BC942}") = "Organization", "Organization\Organization.vcxproj", "{980433E7-D8D7-4B83-A6E9-A46AB764A7C6}"
EndProject
Project("{8BC9CEB8-8B4A-11D0-8D11-00A0C91BC942}") = "OurException", "OurException\OurException.vcxproj", "{6918DE38-6DD9-44E0-A793-7D8DF42F9245}"
EndProject
Project("{8BC9CEB8-8B4A-11D0-8D11-00A0C91BC942}") = "SeaBattle", "SeaBattle\SeaBattle.vcxproj", "{11E48815-391E-4EF2-89E9-D3918B66A429}"
EndProject
Project("{8BC9CEB8-8B4A-11D0-8D11-00A0C91BC942}") = "CitiesGame", "CitiesGame\CitiesGame.vcxproj", "{7D9D397D-7483-4C70-B2CE-0B5424EC3CF6}"
EndProject
Project("{8BC9CEB8-8B4A-11D0-8D11-00A0C91BC942}") = "Iterators", "Iterators\Iterators.vcxproj", "{1C52B4E6-4793-4882-9F1A-DDAAF5BD5A11}"
EndProject
Project("{8BC9CEB8-8B4A-11D0-8D11-00A0C91BC942}") = "12.06.18", "12.06.18\12.06.18.vcxproj", "{FB7CB327-FEA0-4531-9615-1D246DE1E4BD}"
EndProject
Global
	GlobalSection(SolutionConfigurationPlatforms) = preSolution
		Debug|x64 = Debug|x64
		Debug|x86 = Debug|x86
		Release|x64 = Release|x64
		Release|x86 = Release|x86
	EndGlobalSection
	GlobalSection(ProjectConfigurationPlatforms) = postSolution
		{7ADE00A5-34B5-4B8E-8395-A6BC280DB6A9}.Debug|x64.ActiveCfg = Debug|x64
		{7ADE00A5-34B5-4B8E-8395-A6BC280DB6A9}.Debug|x64.Build.0 = Debug|x64
		{7ADE00A5-34B5-4B8E-8395-A6BC280DB6A9}.Debug|x86.ActiveCfg = Debug|Win32
		{7ADE00A5-34B5-4B8E-8395-A6BC280DB6A9}.Debug|x86.Build.0 = Debug|Win32
		{7ADE00A5-34B5-4B8E-8395-A6BC280DB6A9}.Release|x64.ActiveCfg = Release|x64
		{7ADE00A5-34B5-4B8E-8395-A6BC280DB6A9}.Release|x64.Build.0 = Release|x64
		{7ADE00A5-34B5-4B8E-8395-A6BC280DB6A9}.Release|x86.ActiveCfg = Release|Win32
		{7ADE00A5-34B5-4B8E-8395-A6BC280DB6A9}.Release|x86.Build.0 = Release|Win32
		{E2FE6FC7-0C7D-492E-8BAB-2722ADC90F08}.Debug|x64.ActiveCfg = Debug|x64
		{E2FE6FC7-0C7D-492E-8BAB-2722ADC90F08}.Debug|x64.Build.0 = Debug|x64
		{E2FE6FC7-0C7D-492E-8BAB-2722ADC90F08}.Debug|x86.ActiveCfg = Debug|Win32
		{E2FE6FC7-0C7D-492E-8BAB-2722ADC90F08}.Debug|x86.Build.0 = Debug|Win32
		{E2FE6FC7-0C7D-492E-8BAB-2722ADC90F08}.Release|x64.ActiveCfg = Release|x64
		{E2FE6FC7-0C7D-492E-8BAB-2722ADC90F08}.Release|x64.Build.0 = Release|x64
		{E2FE6FC7-0C7D-492E-8BAB-2722ADC90F08}.Release|x86.ActiveCfg = Release|Win32
		{E2FE6FC7-0C7D-492E-8BAB-2722ADC90F08}.Release|x86.Build.0 = Release|Win32
		{1A951E29-8DBE-425F-9AE2-F421DBD4F8C7}.Debug|x64.ActiveCfg = Debug|x64
		{1A951E29-8DBE-425F-9AE2-F421DBD4F8C7}.Debug|x64.Build.0 = Debug|x64
		{1A951E29-8DBE-425F-9AE2-F421DBD4F8C7}.Debug|x86.ActiveCfg = Debug|Win32
		{1A951E29-8DBE-425F-9AE2-F421DBD4F8C7}.Debug|x86.Build.0 = Debug|Win32
		{1A951E29-8DBE-425F-9AE2-F421DBD4F8C7}.Release|x64.ActiveCfg = Release|x64
		{1A951E29-8DBE-425F-9AE2-F421DBD4F8C7}.Release|x64.Build.0 = Release|x64
		{1A951E29-8DBE-425F-9AE2-F421DBD4F8C7}.Release|x86.ActiveCfg = Release|Win32
		{1A951E29-8DBE-425F-9AE2-F421DBD4F8C7}.Release|x86.Build.0 = Release|Win32
		{A6699C6E-9C96-41A4-BDD5-4DE5AB78AF84}.Debug|x64.ActiveCfg = Debug|x64
		{A6699C6E-9C96-41A4-BDD5-4DE5AB78AF84}.Debug|x64.Build.0 = Debug|x64
		{A6699C6E-9C96-41A4-BDD5-4DE5AB78AF84}.Debug|x86.ActiveCfg = Debug|Win32
		{A6699C6E-9C96-41A4-BDD5-4DE5AB78AF84}.Debug|x86.Build.0 = Debug|Win32
		{A6699C6E-9C96-41A4-BDD5-4DE5AB78AF84}.Release|x64.ActiveCfg = Release|x64
		{A6699C6E-9C96-41A4-BDD5-4DE5AB78AF84}.Release|x64.Build.0 = Release|x64
		{A6699C6E-9C96-41A4-BDD5-4DE5AB78AF84}.Release|x86.ActiveCfg = Release|Win32
		{A6699C6E-9C96-41A4-BDD5-4DE5AB78AF84}.Release|x86.Build.0 = Release|Win32
		{10848A3C-CD82-495C-B44E-7241E9BD7564}.Debug|x64.ActiveCfg = Debug|x64
		{10848A3C-CD82-495C-B44E-7241E9BD7564}.Debug|x64.Build.0 = Debug|x64
		{10848A3C-CD82-495C-B44E-7241E9BD7564}.Debug|x86.ActiveCfg = Debug|Win32
		{10848A3C-CD82-495C-B44E-7241E9BD7564}.Debug|x86.Build.0 = Debug|Win32
		{10848A3C-CD82-495C-B44E-7241E9BD7564}.Release|x64.ActiveCfg = Release|x64
		{10848A3C-CD82-495C-B44E-7241E9BD7564}.Release|x64.Build.0 = Release|x64
		{10848A3C-CD82-495C-B44E-7241E9BD7564}.Release|x86.ActiveCfg = Release|Win32
		{10848A3C-CD82-495C-B44E-7241E9BD7564}.Release|x86.Build.0 = Release|Win32
		{9DBCE2E1-8C6C-44CC-B851-CA4A3D93F4DB}.Debug|x64.ActiveCfg = Debug|x64
		{9DBCE2E1-8C6C-44CC-B851-CA4A3D93F4DB}.Debug|x64.Build.0 = Debug|x64
		{9DBCE2E1-8C6C-44CC-B851-CA4A3D93F4DB}.Debug|x86.ActiveCfg = Debug|Win32
		{9DBCE2E1-8C6C-44CC-B851-CA4A3D93F4DB}.Debug|x86.Build.0 = Debug|Win32
		{9DBCE2E1-8C6C-44CC-B851-CA4A3D93F4DB}.Release|x64.ActiveCfg = Release|x64
		{9DBCE2E1-8C6C-44CC-B851-CA4A3D93F4DB}.Release|x64.Build.0 = Release|x64
		{9DBCE2E1-8C6C-44CC-B851-CA4A3D93F4DB}.Release|x86.ActiveCfg = Release|Win32
		{9DBCE2E1-8C6C-44CC-B851-CA4A3D93F4DB}.Release|x86.Build.0 = Release|Win32
		{E388C701-00AB-4F42-B0C4-1153F2183618}.Debug|x64.ActiveCfg = Debug|x64
		{E388C701-00AB-4F42-B0C4-1153F2183618}.Debug|x64.Build.0 = Debug|x64
		{E388C701-00AB-4F42-B0C4-1153F2183618}.Debug|x86.ActiveCfg = Debug|Win32
		{E388C701-00AB-4F42-B0C4-1153F2183618}.Debug|x86.Build.0 = Debug|Win32
		{E388C701-00AB-4F42-B0C4-1153F2183618}.Release|x64.ActiveCfg = Release|x64
		{E388C701-00AB-4F42-B0C4-1153F2183618}.Release|x64.Build.0 = Release|x64
		{E388C701-00AB-4F42-B0C4-1153F2183618}.Release|x86.ActiveCfg = Release|Win32
		{E388C701-00AB-4F42-B0C4-1153F2183618}.Release|x86.Build.0 = Release|Win32
		{572EF90A-CE02-4C16-A18A-8F9B09F17774}.Debug|x64.ActiveCfg = Debug|x64
		{572EF90A-CE02-4C16-A18A-8F9B09F17774}.Debug|x64.Build.0 = Debug|x64
		{572EF90A-CE02-4C16-A18A-8F9B09F17774}.Debug|x86.ActiveCfg = Debug|Win32
		{572EF90A-CE02-4C16-A18A-8F9B09F17774}.Debug|x86.Build.0 = Debug|Win32
		{572EF90A-CE02-4C16-A18A-8F9B09F17774}.Release|x64.ActiveCfg = Release|x64
		{572EF90A-CE02-4C16-A18A-8F9B09F17774}.Release|x64.Build.0 = Release|x64
		{572EF90A-CE02-4C16-A18A-8F9B09F17774}.Release|x86.ActiveCfg = Release|Win32
		{572EF90A-CE02-4C16-A18A-8F9B09F17774}.Release|x86.Build.0 = Release|Win32
		{3742D6F5-7257-40E9-9A40-7AAC99F6D07F}.Debug|x64.ActiveCfg = Debug|x64
		{3742D6F5-7257-40E9-9A40-7AAC99F6D07F}.Debug|x64.Build.0 = Debug|x64
		{3742D6F5-7257-40E9-9A40-7AAC99F6D07F}.Debug|x86.ActiveCfg = Debug|Win32
		{3742D6F5-7257-40E9-9A40-7AAC99F6D07F}.Debug|x86.Build.0 = Debug|Win32
		{3742D6F5-7257-40E9-9A40-7AAC99F6D07F}.Release|x64.ActiveCfg = Release|x64
		{3742D6F5-7257-40E9-9A40-7AAC99F6D07F}.Release|x64.Build.0 = Release|x64
		{3742D6F5-7257-40E9-9A40-7AAC99F6D07F}.Release|x86.ActiveCfg = Release|Win32
		{3742D6F5-7257-40E9-9A40-7AAC99F6D07F}.Release|x86.Build.0 = Release|Win32
		{E3758E97-CD99-4EB4-8894-416CF2001F48}.Debug|x64.ActiveCfg = Debug|x64
		{E3758E97-CD99-4EB4-8894-416CF2001F48}.Debug|x64.Build.0 = Debug|x64
		{E3758E97-CD99-4EB4-8894-416CF2001F48}.Debug|x86.ActiveCfg = Debug|Win32
		{E3758E97-CD99-4EB4-8894-416CF2001F48}.Debug|x86.Build.0 = Debug|Win32
		{E3758E97-CD99-4EB4-8894-416CF2001F48}.Release|x64.ActiveCfg = Release|x64
		{E3758E97-CD99-4EB4-8894-416CF2001F48}.Release|x64.Build.0 = Release|x64
		{E3758E97-CD99-4EB4-8894-416CF2001F48}.Release|x86.ActiveCfg = Release|Win32
		{E3758E97-CD99-4EB4-8894-416CF2001F48}.Release|x86.Build.0 = Release|Win32
		{55D70533-58BD-4E3B-BFD1-6FE07B764177}.Debug|x64.ActiveCfg = Debug|x64
		{55D70533-58BD-4E3B-BFD1-6FE07B764177}.Debug|x64.Build.0 = Debug|x64
		{55D70533-58BD-4E3B-BFD1-6FE07B764177}.Debug|x86.ActiveCfg = Debug|Win32
		{55D70533-58BD-4E3B-BFD1-6FE07B764177}.Debug|x86.Build.0 = Debug|Win32
		{55D70533-58BD-4E3B-BFD1-6FE07B764177}.Release|x64.ActiveCfg = Release|x64
		{55D70533-58BD-4E3B-BFD1-6FE07B764177}.Release|x64.Build.0 = Release|x64
		{55D70533-58BD-4E3B-BFD1-6FE07B764177}.Release|x86.ActiveCfg = Release|Win32
		{55D70533-58BD-4E3B-BFD1-6FE07B764177}.Release|x86.Build.0 = Release|Win32
		{2DAE0AF6-0A94-4BD6-B103-998A8523D4B0}.Debug|x64.ActiveCfg = Debug|x64
		{2DAE0AF6-0A94-4BD6-B103-998A8523D4B0}.Debug|x64.Build.0 = Debug|x64
		{2DAE0AF6-0A94-4BD6-B103-998A8523D4B0}.Debug|x86.ActiveCfg = Debug|Win32
		{2DAE0AF6-0A94-4BD6-B103-998A8523D4B0}.Debug|x86.Build.0 = Debug|Win32
		{2DAE0AF6-0A94-4BD6-B103-998A8523D4B0}.Release|x64.ActiveCfg = Release|x64
		{2DAE0AF6-0A94-4BD6-B103-998A8523D4B0}.Release|x64.Build.0 = Release|x64
		{2DAE0AF6-0A94-4BD6-B103-998A8523D4B0}.Release|x86.ActiveCfg = Release|Win32
		{2DAE0AF6-0A94-4BD6-B103-998A8523D4B0}.Release|x86.Build.0 = Release|Win32
		{30DD9971-9590-4752-A845-1485637DBAA8}.Debug|x64.ActiveCfg = Debug|x64
		{30DD9971-9590-4752-A845-1485637DBAA8}.Debug|x64.Build.0 = Debug|x64
		{30DD9971-9590-4752-A845-1485637DBAA8}.Debug|x86.ActiveCfg = Debug|Win32
		{30DD9971-9590-4752-A845-1485637DBAA8}.Debug|x86.Build.0 = Debug|Win32
		{30DD9971-9590-4752-A845-1485637DBAA8}.Release|x64.ActiveCfg = Release|x64
		{30DD9971-9590-4752-A845-1485637DBAA8}.Release|x64.Build.0 = Release|x64
		{30DD9971-9590-4752-A845-1485637DBAA8}.Release|x86.ActiveCfg = Release|Win32
		{30DD9971-9590-4752-A845-1485637DBAA8}.Release|x86.Build.0 = Release|Win32
		{9379CF4F-0E25-4FEA-85F6-4EE32EB44E51}.Debug|x64.ActiveCfg = Debug|x64
		{9379CF4F-0E25-4FEA-85F6-4EE32EB44E51}.Debug|x64.Build.0 = Debug|x64
		{9379CF4F-0E25-4FEA-85F6-4EE32EB44E51}.Debug|x86.ActiveCfg = Debug|Win32
		{9379CF4F-0E25-4FEA-85F6-4EE32EB44E51}.Debug|x86.Build.0 = Debug|Win32
		{9379CF4F-0E25-4FEA-85F6-4EE32EB44E51}.Release|x64.ActiveCfg = Release|x64
		{9379CF4F-0E25-4FEA-85F6-4EE32EB44E51}.Release|x64.Build.0 = Release|x64
		{9379CF4F-0E25-4FEA-85F6-4EE32EB44E51}.Release|x86.ActiveCfg = Release|Win32
		{9379CF4F-0E25-4FEA-85F6-4EE32EB44E51}.Release|x86.Build.0 = Release|Win32
		{351CDB43-8CA1-4527-B1C5-E2B78BDDDAB5}.Debug|x64.ActiveCfg = Debug|x64
		{351CDB43-8CA1-4527-B1C5-E2B78BDDDAB5}.Debug|x64.Build.0 = Debug|x64
		{351CDB43-8CA1-4527-B1C5-E2B78BDDDAB5}.Debug|x86.ActiveCfg = Debug|Win32
		{351CDB43-8CA1-4527-B1C5-E2B78BDDDAB5}.Debug|x86.Build.0 = Debug|Win32
		{351CDB43-8CA1-4527-B1C5-E2B78BDDDAB5}.Release|x64.ActiveCfg = Release|x64
		{351CDB43-8CA1-4527-B1C5-E2B78BDDDAB5}.Release|x64.Build.0 = Release|x64
		{351CDB43-8CA1-4527-B1C5-E2B78BDDDAB5}.Release|x86.ActiveCfg = Release|Win32
		{351CDB43-8CA1-4527-B1C5-E2B78BDDDAB5}.Release|x86.Build.0 = Release|Win32
		{4E240C80-7558-49AD-8975-65B537CE348D}.Debug|x64.ActiveCfg = Debug|x64
		{4E240C80-7558-49AD-8975-65B537CE348D}.Debug|x64.Build.0 = Debug|x64
		{4E240C80-7558-49AD-8975-65B537CE348D}.Debug|x86.ActiveCfg = Debug|Win32
		{4E240C80-7558-49AD-8975-65B537CE348D}.Debug|x86.Build.0 = Debug|Win32
		{4E240C80-7558-49AD-8975-65B537CE348D}.Release|x64.ActiveCfg = Release|x64
		{4E240C80-7558-49AD-8975-65B537CE348D}.Release|x64.Build.0 = Release|x64
		{4E240C80-7558-49AD-8975-65B537CE348D}.Release|x86.ActiveCfg = Release|Win32
		{4E240C80-7558-49AD-8975-65B537CE348D}.Release|x86.Build.0 = Release|Win32
		{282B3E25-127D-46A0-BFB1-24E2527CE16C}.Debug|x64.ActiveCfg = Debug|x64
		{282B3E25-127D-46A0-BFB1-24E2527CE16C}.Debug|x64.Build.0 = Debug|x64
		{282B3E25-127D-46A0-BFB1-24E2527CE16C}.Debug|x86.ActiveCfg = Debug|Win32
		{282B3E25-127D-46A0-BFB1-24E2527CE16C}.Debug|x86.Build.0 = Debug|Win32
		{282B3E25-127D-46A0-BFB1-24E2527CE16C}.Release|x64.ActiveCfg = Release|x64
		{282B3E25-127D-46A0-BFB1-24E2527CE16C}.Release|x64.Build.0 = Release|x64
		{282B3E25-127D-46A0-BFB1-24E2527CE16C}.Release|x86.ActiveCfg = Release|Win32
		{282B3E25-127D-46A0-BFB1-24E2527CE16C}.Release|x86.Build.0 = Release|Win32
		{42A32AE5-060C-4DFF-9806-B8A53862A95B}.Debug|x64.ActiveCfg = Debug|x64
		{42A32AE5-060C-4DFF-9806-B8A53862A95B}.Debug|x64.Build.0 = Debug|x64
		{42A32AE5-060C-4DFF-9806-B8A53862A95B}.Debug|x86.ActiveCfg = Debug|Win32
		{42A32AE5-060C-4DFF-9806-B8A53862A95B}.Debug|x86.Build.0 = Debug|Win32
		{42A32AE5-060C-4DFF-9806-B8A53862A95B}.Release|x64.ActiveCfg = Release|x64
		{42A32AE5-060C-4DFF-9806-B8A53862A95B}.Release|x64.Build.0 = Release|x64
		{42A32AE5-060C-4DFF-9806-B8A53862A95B}.Release|x86.ActiveCfg = Release|Win32
		{42A32AE5-060C-4DFF-9806-B8A53862A95B}.Release|x86.Build.0 = Release|Win32
		{980433E7-D8D7-4B83-A6E9-A46AB764A7C6}.Debug|x64.ActiveCfg = Debug|x64
		{980433E7-D8D7-4B83-A6E9-A46AB764A7C6}.Debug|x64.Build.0 = Debug|x64
		{980433E7-D8D7-4B83-A6E9-A46AB764A7C6}.Debug|x86.ActiveCfg = Debug|Win32
		{980433E7-D8D7-4B83-A6E9-A46AB764A7C6}.Debug|x86.Build.0 = Debug|Win32
		{980433E7-D8D7-4B83-A6E9-A46AB764A7C6}.Release|x64.ActiveCfg = Release|x64
		{980433E7-D8D7-4B83-A6E9-A46AB764A7C6}.Release|x64.Build.0 = Release|x64
		{980433E7-D8D7-4B83-A6E9-A46AB764A7C6}.Release|x86.ActiveCfg = Release|Win32
		{980433E7-D8D7-4B83-A6E9-A46AB764A7C6}.Release|x86.Build.0 = Release|Win32
		{6918DE38-6DD9-44E0-A793-7D8DF42F9245}.Debug|x64.ActiveCfg = Debug|x64
		{6918DE38-6DD9-44E0-A793-7D8DF42F9245}.Debug|x64.Build.0 = Debug|x64
		{6918DE38-6DD9-44E0-A793-7D8DF42F9245}.Debug|x86.ActiveCfg = Debug|Win32
		{6918DE38-6DD9-44E0-A793-7D8DF42F9245}.Debug|x86.Build.0 = Debug|Win32
		{6918DE38-6DD9-44E0-A793-7D8DF42F9245}.Release|x64.ActiveCfg = Release|x64
		{6918DE38-6DD9-44E0-A793-7D8DF42F9245}.Release|x64.Build.0 = Release|x64
		{6918DE38-6DD9-44E0-A793-7D8DF42F9245}.Release|x86.ActiveCfg = Release|Win32
		{6918DE38-6DD9-44E0-A793-7D8DF42F9245}.Release|x86.Build.0 = Release|Win32
		{11E48815-391E-4EF2-89E9-D3918B66A429}.Debug|x64.ActiveCfg = Debug|x64
		{11E48815-391E-4EF2-89E9-D3918B66A429}.Debug|x64.Build.0 = Debug|x64
		{11E48815-391E-4EF2-89E9-D3918B66A429}.Debug|x86.ActiveCfg = Debug|Win32
		{11E48815-391E-4EF2-89E9-D3918B66A429}.Debug|x86.Build.0 = Debug|Win32
		{11E48815-391E-4EF2-89E9-D3918B66A429}.Release|x64.ActiveCfg = Release|x64
		{11E48815-391E-4EF2-89E9-D3918B66A429}.Release|x64.Build.0 = Release|x64
		{11E48815-391E-4EF2-89E9-D3918B66A429}.Release|x86.ActiveCfg = Release|Win32
		{11E48815-391E-4EF2-89E9-D3918B66A429}.Release|x86.Build.0 = Release|Win32
		{7D9D397D-7483-4C70-B2CE-0B5424EC3CF6}.Debug|x64.ActiveCfg = Debug|x64
		{7D9D397D-7483-4C70-B2CE-0B5424EC3CF6}.Debug|x64.Build.0 = Debug|x64
		{7D9D397D-7483-4C70-B2CE-0B5424EC3CF6}.Debug|x86.ActiveCfg = Debug|Win32
		{7D9D397D-7483-4C70-B2CE-0B5424EC3CF6}.Debug|x86.Build.0 = Debug|Win32
		{7D9D397D-7483-4C70-B2CE-0B5424EC3CF6}.Release|x64.ActiveCfg = Release|x64
		{7D9D397D-7483-4C70-B2CE-0B5424EC3CF6}.Release|x64.Build.0 = Release|x64
		{7D9D397D-7483-4C70-B2CE-0B5424EC3CF6}.Release|x86.ActiveCfg = Release|Win32
		{7D9D397D-7483-4C70-B2CE-0B5424EC3CF6}.Release|x86.Build.0 = Release|Win32
		{1C52B4E6-4793-4882-9F1A-DDAAF5BD5A11}.Debug|x64.ActiveCfg = Debug|x64
		{1C52B4E6-4793-4882-9F1A-DDAAF5BD5A11}.Debug|x64.Build.0 = Debug|x64
		{1C52B4E6-4793-4882-9F1A-DDAAF5BD5A11}.Debug|x86.ActiveCfg = Debug|Win32
		{1C52B4E6-4793-4882-9F1A-DDAAF5BD5A11}.Debug|x86.Build.0 = Debug|Win32
		{1C52B4E6-4793-4882-9F1A-DDAAF5BD5A11}.Release|x64.ActiveCfg = Release|x64
		{1C52B4E6-4793-4882-9F1A-DDAAF5BD5A11}.Release|x64.Build.0 = Release|x64
		{1C52B4E6-4793-4882-9F1A-DDAAF5BD5A11}.Release|x86.ActiveCfg = Release|Win32
		{1C52B4E6-4793-4882-9F1A-DDAAF5BD5A11}.Release|x86.Build.0 = Release|Win32
		{FB7CB327-FEA0-4531-9615-1D246DE1E4BD}.Debug|x64.ActiveCfg = Debug|x64
		{FB7CB327-FEA0-4531-9615-1D246DE1E4BD}.Debug|x64.Build.0 = Debug|x64
		{FB7CB327-FEA0-4531-9615-1D246DE1E4BD}.Debug|x86.ActiveCfg = Debug|Win32
		{FB7CB327-FEA0-4531-9615-1D246DE1E4BD}.Debug|x86.Build.0 = Debug|Win32
		{FB7CB327-FEA0-4531-9615-1D246DE1E4BD}.Release|x64.ActiveCfg = Release|x64
		{FB7CB327-FEA0-4531-9615-1D246DE1E4BD}.Release|x64.Build.0 = Release|x64
		{FB7CB327-FEA0-4531-9615-1D246DE1E4BD}.Release|x86.ActiveCfg = Release|Win32
		{FB7CB327-FEA0-4531-9615-1D246DE1E4BD}.Release|x86.Build.0 = Release|Win32
	EndGlobalSection
	GlobalSection(SolutionProperties) = preSolution
		HideSolutionNode = FALSE
	EndGlobalSection
	GlobalSection(ExtensibilityGlobals) = postSolution
		SolutionGuid = {7FC8C855-5C05-48B1-A448-447A67D5E824}
	EndGlobalSection
EndGlobal
