
Microsoft Visual Studio Solution File, Format Version 12.00
# Visual Studio 15
VisualStudioVersion = 15.0.27004.2009
MinimumVisualStudioVersion = 10.0.40219.1
Project("{8BC9CEB8-8B4A-11D0-8D11-00A0C91BC942}") = "PrimeNumbers", "PrimeNumbers\PrimeNumbers.vcxproj", "{56E16CC1-F8CF-4DE7-8992-4CC17BAAF77B}"
EndProject
Project("{8BC9CEB8-8B4A-11D0-8D11-00A0C91BC942}") = "Addition", "Addition\Addition.vcxproj", "{85FB1D47-9244-4C8C-A83B-AB7B84724DD4}"
EndProject
Project("{8BC9CEB8-8B4A-11D0-8D11-00A0C91BC942}") = "Subtraction", "Subtraction\Subtraction.vcxproj", "{EB16B833-F23B-4BC1-8DF0-47A80FD24173}"
EndProject
Global
	GlobalSection(SolutionConfigurationPlatforms) = preSolution
		Debug|x64 = Debug|x64
		Debug|x86 = Debug|x86
		Release|x64 = Release|x64
		Release|x86 = Release|x86
	EndGlobalSection
	GlobalSection(ProjectConfigurationPlatforms) = postSolution
		{56E16CC1-F8CF-4DE7-8992-4CC17BAAF77B}.Debug|x64.ActiveCfg = Debug|x64
		{56E16CC1-F8CF-4DE7-8992-4CC17BAAF77B}.Debug|x64.Build.0 = Debug|x64
		{56E16CC1-F8CF-4DE7-8992-4CC17BAAF77B}.Debug|x86.ActiveCfg = Debug|Win32
		{56E16CC1-F8CF-4DE7-8992-4CC17BAAF77B}.Debug|x86.Build.0 = Debug|Win32
		{56E16CC1-F8CF-4DE7-8992-4CC17BAAF77B}.Release|x64.ActiveCfg = Release|x64
		{56E16CC1-F8CF-4DE7-8992-4CC17BAAF77B}.Release|x64.Build.0 = Release|x64
		{56E16CC1-F8CF-4DE7-8992-4CC17BAAF77B}.Release|x86.ActiveCfg = Release|Win32
		{56E16CC1-F8CF-4DE7-8992-4CC17BAAF77B}.Release|x86.Build.0 = Release|Win32
		{85FB1D47-9244-4C8C-A83B-AB7B84724DD4}.Debug|x64.ActiveCfg = Debug|x64
		{85FB1D47-9244-4C8C-A83B-AB7B84724DD4}.Debug|x64.Build.0 = Debug|x64
		{85FB1D47-9244-4C8C-A83B-AB7B84724DD4}.Debug|x86.ActiveCfg = Debug|Win32
		{85FB1D47-9244-4C8C-A83B-AB7B84724DD4}.Debug|x86.Build.0 = Debug|Win32
		{85FB1D47-9244-4C8C-A83B-AB7B84724DD4}.Release|x64.ActiveCfg = Release|x64
		{85FB1D47-9244-4C8C-A83B-AB7B84724DD4}.Release|x64.Build.0 = Release|x64
		{85FB1D47-9244-4C8C-A83B-AB7B84724DD4}.Release|x86.ActiveCfg = Release|Win32
		{85FB1D47-9244-4C8C-A83B-AB7B84724DD4}.Release|x86.Build.0 = Release|Win32
		{EB16B833-F23B-4BC1-8DF0-47A80FD24173}.Debug|x64.ActiveCfg = Debug|x64
		{EB16B833-F23B-4BC1-8DF0-47A80FD24173}.Debug|x64.Build.0 = Debug|x64
		{EB16B833-F23B-4BC1-8DF0-47A80FD24173}.Debug|x86.ActiveCfg = Debug|Win32
		{EB16B833-F23B-4BC1-8DF0-47A80FD24173}.Debug|x86.Build.0 = Debug|Win32
		{EB16B833-F23B-4BC1-8DF0-47A80FD24173}.Release|x64.ActiveCfg = Release|x64
		{EB16B833-F23B-4BC1-8DF0-47A80FD24173}.Release|x64.Build.0 = Release|x64
		{EB16B833-F23B-4BC1-8DF0-47A80FD24173}.Release|x86.ActiveCfg = Release|Win32
		{EB16B833-F23B-4BC1-8DF0-47A80FD24173}.Release|x86.Build.0 = Release|Win32
	EndGlobalSection
	GlobalSection(SolutionProperties) = preSolution
		HideSolutionNode = FALSE
	EndGlobalSection
	GlobalSection(ExtensibilityGlobals) = postSolution
		SolutionGuid = {0474D6CF-55B9-4E5C-99C2-BF0264D106D1}
	EndGlobalSection
EndGlobal
